// !$*UTF8*$!
{
	archiveVersion = 1;
	classes = {
	};
	objectVersion = 46;
	objects = {

/* Begin PBXBuildFile section */
		2A5576E919B023DB00DA770D /* Foundation.framework in Frameworks */ = {isa = PBXBuildFile; fileRef = 2A5576E819B023DB00DA770D /* Foundation.framework */; };
		2A5576EB19B023DB00DA770D /* CoreGraphics.framework in Frameworks */ = {isa = PBXBuildFile; fileRef = 2A5576EA19B023DB00DA770D /* CoreGraphics.framework */; };
		2A5576ED19B023DB00DA770D /* UIKit.framework in Frameworks */ = {isa = PBXBuildFile; fileRef = 2A5576EC19B023DB00DA770D /* UIKit.framework */; };
		2A5576F319B023DB00DA770D /* InfoPlist.strings in Resources */ = {isa = PBXBuildFile; fileRef = 2A5576F119B023DB00DA770D /* InfoPlist.strings */; };
		2A5576F519B023DB00DA770D /* main.m in Sources */ = {isa = PBXBuildFile; fileRef = 2A5576F419B023DB00DA770D /* main.m */; };
		2A5576F919B023DC00DA770D /* AppDelegate.m in Sources */ = {isa = PBXBuildFile; fileRef = 2A5576F819B023DC00DA770D /* AppDelegate.m */; };
		2A5576FC19B023DC00DA770D /* Main.storyboard in Resources */ = {isa = PBXBuildFile; fileRef = 2A5576FA19B023DC00DA770D /* Main.storyboard */; };
		2A5576FF19B023DC00DA770D /* ViewController.m in Sources */ = {isa = PBXBuildFile; fileRef = 2A5576FE19B023DC00DA770D /* ViewController.m */; };
		2A55770119B023DC00DA770D /* Images.xcassets in Resources */ = {isa = PBXBuildFile; fileRef = 2A55770019B023DC00DA770D /* Images.xcassets */; };
		2A55770819B023DC00DA770D /* XCTest.framework in Frameworks */ = {isa = PBXBuildFile; fileRef = 2A55770719B023DC00DA770D /* XCTest.framework */; };
		2A55770919B023DC00DA770D /* Foundation.framework in Frameworks */ = {isa = PBXBuildFile; fileRef = 2A5576E819B023DB00DA770D /* Foundation.framework */; };
		2A55770A19B023DC00DA770D /* UIKit.framework in Frameworks */ = {isa = PBXBuildFile; fileRef = 2A5576EC19B023DB00DA770D /* UIKit.framework */; };
		2A55771219B023DC00DA770D /* InfoPlist.strings in Resources */ = {isa = PBXBuildFile; fileRef = 2A55771019B023DC00DA770D /* InfoPlist.strings */; };
		2A55771419B023DC00DA770D /* ExpansionTableViewTests.m in Sources */ = {isa = PBXBuildFile; fileRef = 2A55771319B023DC00DA770D /* ExpansionTableViewTests.m */; };
		2A55771F19B0244000DA770D /* ExpansionTableViewController.m in Sources */ = {isa = PBXBuildFile; fileRef = 2A55771E19B0244000DA770D /* ExpansionTableViewController.m */; };
		2A55772519B053AB00DA770D /* ExpansionTableView.m in Sources */ = {isa = PBXBuildFile; fileRef = 2A55772419B053AB00DA770D /* ExpansionTableView.m */; };
		2A86EB4E19B36BB700223EDA /* TitleTableViewCell.m in Sources */ = {isa = PBXBuildFile; fileRef = 2A86EB4D19B36BB700223EDA /* TitleTableViewCell.m */; };
		2A86EB5119B36BC900223EDA /* DetailTableViewCell.m in Sources */ = {isa = PBXBuildFile; fileRef = 2A86EB5019B36BC900223EDA /* DetailTableViewCell.m */; };
		2A86EB5419B36C5100223EDA /* ExpensionCellModel.m in Sources */ = {isa = PBXBuildFile; fileRef = 2A86EB5319B36C5100223EDA /* ExpensionCellModel.m */; };
/* End PBXBuildFile section */

/* Begin PBXContainerItemProxy section */
		2A55770B19B023DC00DA770D /* PBXContainerItemProxy */ = {
			isa = PBXContainerItemProxy;
			containerPortal = 2A5576DD19B023DB00DA770D /* Project object */;
			proxyType = 1;
			remoteGlobalIDString = 2A5576E419B023DB00DA770D;
			remoteInfo = ExpansionTableView;
		};
/* End PBXContainerItemProxy section */

/* Begin PBXFileReference section */
		2A5576E519B023DB00DA770D /* ExpansionTableView.app */ = {isa = PBXFileReference; explicitFileType = wrapper.application; includeInIndex = 0; path = ExpansionTableView.app; sourceTree = BUILT_PRODUCTS_DIR; };
		2A5576E819B023DB00DA770D /* Foundation.framework */ = {isa = PBXFileReference; lastKnownFileType = wrapper.framework; name = Foundation.framework; path = System/Library/Frameworks/Foundation.framework; sourceTree = SDKROOT; };
		2A5576EA19B023DB00DA770D /* CoreGraphics.framework */ = {isa = PBXFileReference; lastKnownFileType = wrapper.framework; name = CoreGraphics.framework; path = System/Library/Frameworks/CoreGraphics.framework; sourceTree = SDKROOT; };
		2A5576EC19B023DB00DA770D /* UIKit.framework */ = {isa = PBXFileReference; lastKnownFileType = wrapper.framework; name = UIKit.framework; path = System/Library/Frameworks/UIKit.framework; sourceTree = SDKROOT; };
		2A5576F019B023DB00DA770D /* ExpansionTableView-Info.plist */ = {isa = PBXFileReference; lastKnownFileType = text.plist.xml; path = "ExpansionTableView-Info.plist"; sourceTree = "<group>"; };
		2A5576F219B023DB00DA770D /* en */ = {isa = PBXFileReference; lastKnownFileType = text.plist.strings; name = en; path = en.lproj/InfoPlist.strings; sourceTree = "<group>"; };
		2A5576F419B023DB00DA770D /* main.m */ = {isa = PBXFileReference; lastKnownFileType = sourcecode.c.objc; path = main.m; sourceTree = "<group>"; };
		2A5576F619B023DB00DA770D /* ExpansionTableView-Prefix.pch */ = {isa = PBXFileReference; lastKnownFileType = sourcecode.c.h; path = "ExpansionTableView-Prefix.pch"; sourceTree = "<group>"; };
		2A5576F719B023DB00DA770D /* AppDelegate.h */ = {isa = PBXFileReference; lastKnownFileType = sourcecode.c.h; path = AppDelegate.h; sourceTree = "<group>"; };
		2A5576F819B023DC00DA770D /* AppDelegate.m */ = {isa = PBXFileReference; lastKnownFileType = sourcecode.c.objc; path = AppDelegate.m; sourceTree = "<group>"; };
		2A5576FB19B023DC00DA770D /* Base */ = {isa = PBXFileReference; lastKnownFileType = file.storyboard; name = Base; path = Base.lproj/Main.storyboard; sourceTree = "<group>"; };
		2A5576FD19B023DC00DA770D /* ViewController.h */ = {isa = PBXFileReference; lastKnownFileType = sourcecode.c.h; path = ViewController.h; sourceTree = "<group>"; };
		2A5576FE19B023DC00DA770D /* ViewController.m */ = {isa = PBXFileReference; lastKnownFileType = sourcecode.c.objc; path = ViewController.m; sourceTree = "<group>"; };
		2A55770019B023DC00DA770D /* Images.xcassets */ = {isa = PBXFileReference; lastKnownFileType = folder.assetcatalog; path = Images.xcassets; sourceTree = "<group>"; };
		2A55770619B023DC00DA770D /* ExpansionTableViewTests.xctest */ = {isa = PBXFileReference; explicitFileType = wrapper.cfbundle; includeInIndex = 0; path = ExpansionTableViewTests.xctest; sourceTree = BUILT_PRODUCTS_DIR; };
		2A55770719B023DC00DA770D /* XCTest.framework */ = {isa = PBXFileReference; lastKnownFileType = wrapper.framework; name = XCTest.framework; path = Library/Frameworks/XCTest.framework; sourceTree = DEVELOPER_DIR; };
		2A55770F19B023DC00DA770D /* ExpansionTableViewTests-Info.plist */ = {isa = PBXFileReference; lastKnownFileType = text.plist.xml; path = "ExpansionTableViewTests-Info.plist"; sourceTree = "<group>"; };
		2A55771119B023DC00DA770D /* en */ = {isa = PBXFileReference; lastKnownFileType = text.plist.strings; name = en; path = en.lproj/InfoPlist.strings; sourceTree = "<group>"; };
		2A55771319B023DC00DA770D /* ExpansionTableViewTests.m */ = {isa = PBXFileReference; lastKnownFileType = sourcecode.c.objc; path = ExpansionTableViewTests.m; sourceTree = "<group>"; };
		2A55771D19B0244000DA770D /* ExpansionTableViewController.h */ = {isa = PBXFileReference; fileEncoding = 4; lastKnownFileType = sourcecode.c.h; path = ExpansionTableViewController.h; sourceTree = "<group>"; };
		2A55771E19B0244000DA770D /* ExpansionTableViewController.m */ = {isa = PBXFileReference; fileEncoding = 4; lastKnownFileType = sourcecode.c.objc; path = ExpansionTableViewController.m; sourceTree = "<group>"; };
		2A55772319B053AB00DA770D /* ExpansionTableView.h */ = {isa = PBXFileReference; fileEncoding = 4; lastKnownFileType = sourcecode.c.h; path = ExpansionTableView.h; sourceTree = "<group>"; };
		2A55772419B053AB00DA770D /* ExpansionTableView.m */ = {isa = PBXFileReference; fileEncoding = 4; lastKnownFileType = sourcecode.c.objc; path = ExpansionTableView.m; sourceTree = "<group>"; };
		2A86EB4C19B36BB700223EDA /* TitleTableViewCell.h */ = {isa = PBXFileReference; fileEncoding = 4; lastKnownFileType = sourcecode.c.h; path = TitleTableViewCell.h; sourceTree = "<group>"; };
		2A86EB4D19B36BB700223EDA /* TitleTableViewCell.m */ = {isa = PBXFileReference; fileEncoding = 4; lastKnownFileType = sourcecode.c.objc; path = TitleTableViewCell.m; sourceTree = "<group>"; };
		2A86EB4F19B36BC900223EDA /* DetailTableViewCell.h */ = {isa = PBXFileReference; fileEncoding = 4; lastKnownFileType = sourcecode.c.h; path = DetailTableViewCell.h; sourceTree = "<group>"; };
		2A86EB5019B36BC900223EDA /* DetailTableViewCell.m */ = {isa = PBXFileReference; fileEncoding = 4; lastKnownFileType = sourcecode.c.objc; path = DetailTableViewCell.m; sourceTree = "<group>"; };
		2A86EB5219B36C5100223EDA /* ExpensionCellModel.h */ = {isa = PBXFileReference; fileEncoding = 4; lastKnownFileType = sourcecode.c.h; path = ExpensionCellModel.h; sourceTree = "<group>"; };
		2A86EB5319B36C5100223EDA /* ExpensionCellModel.m */ = {isa = PBXFileReference; fileEncoding = 4; lastKnownFileType = sourcecode.c.objc; path = ExpensionCellModel.m; sourceTree = "<group>"; };
/* End PBXFileReference section */

/* Begin PBXFrameworksBuildPhase section */
		2A5576E219B023DB00DA770D /* Frameworks */ = {
			isa = PBXFrameworksBuildPhase;
			buildActionMask = 2147483647;
			files = (
				2A5576EB19B023DB00DA770D /* CoreGraphics.framework in Frameworks */,
				2A5576ED19B023DB00DA770D /* UIKit.framework in Frameworks */,
				2A5576E919B023DB00DA770D /* Foundation.framework in Frameworks */,
			);
			runOnlyForDeploymentPostprocessing = 0;
		};
		2A55770319B023DC00DA770D /* Frameworks */ = {
			isa = PBXFrameworksBuildPhase;
			buildActionMask = 2147483647;
			files = (
				2A55770819B023DC00DA770D /* XCTest.framework in Frameworks */,
				2A55770A19B023DC00DA770D /* UIKit.framework in Frameworks */,
				2A55770919B023DC00DA770D /* Foundation.framework in Frameworks */,
			);
			runOnlyForDeploymentPostprocessing = 0;
		};
/* End PBXFrameworksBuildPhase section */

/* Begin PBXGroup section */
		2A5576DC19B023DB00DA770D = {
			isa = PBXGroup;
			children = (
				2A5576EE19B023DB00DA770D /* ExpansionTableView */,
				2A55770D19B023DC00DA770D /* ExpansionTableViewTests */,
				2A5576E719B023DB00DA770D /* Frameworks */,
				2A5576E619B023DB00DA770D /* Products */,
			);
			sourceTree = "<group>";
		};
		2A5576E619B023DB00DA770D /* Products */ = {
			isa = PBXGroup;
			children = (
				2A5576E519B023DB00DA770D /* ExpansionTableView.app */,
				2A55770619B023DC00DA770D /* ExpansionTableViewTests.xctest */,
			);
			name = Products;
			sourceTree = "<group>";
		};
		2A5576E719B023DB00DA770D /* Frameworks */ = {
			isa = PBXGroup;
			children = (
				2A5576E819B023DB00DA770D /* Foundation.framework */,
				2A5576EA19B023DB00DA770D /* CoreGraphics.framework */,
				2A5576EC19B023DB00DA770D /* UIKit.framework */,
				2A55770719B023DC00DA770D /* XCTest.framework */,
			);
			name = Frameworks;
			sourceTree = "<group>";
		};
		2A5576EE19B023DB00DA770D /* ExpansionTableView */ = {
			isa = PBXGroup;
			children = (
				2A5576F719B023DB00DA770D /* AppDelegate.h */,
				2A5576F819B023DC00DA770D /* AppDelegate.m */,
				2A5576FA19B023DC00DA770D /* Main.storyboard */,
				2A5576FD19B023DC00DA770D /* ViewController.h */,
				2A5576FE19B023DC00DA770D /* ViewController.m */,
				2A55772319B053AB00DA770D /* ExpansionTableView.h */,
				2A55772419B053AB00DA770D /* ExpansionTableView.m */,
				2A86EB4C19B36BB700223EDA /* TitleTableViewCell.h */,
				2A86EB4D19B36BB700223EDA /* TitleTableViewCell.m */,
				2A86EB4F19B36BC900223EDA /* DetailTableViewCell.h */,
				2A86EB5019B36BC900223EDA /* DetailTableViewCell.m */,
				2A86EB5219B36C5100223EDA /* ExpensionCellModel.h */,
				2A86EB5319B36C5100223EDA /* ExpensionCellModel.m */,
				2A55771D19B0244000DA770D /* ExpansionTableViewController.h */,
				2A55771E19B0244000DA770D /* ExpansionTableViewController.m */,
				2A55770019B023DC00DA770D /* Images.xcassets */,
				2A5576EF19B023DB00DA770D /* Supporting Files */,
			);
			path = ExpansionTableView;
			sourceTree = "<group>";
		};
		2A5576EF19B023DB00DA770D /* Supporting Files */ = {
			isa = PBXGroup;
			children = (
				2A5576F019B023DB00DA770D /* ExpansionTableView-Info.plist */,
				2A5576F119B023DB00DA770D /* InfoPlist.strings */,
				2A5576F419B023DB00DA770D /* main.m */,
				2A5576F619B023DB00DA770D /* ExpansionTableView-Prefix.pch */,
			);
			name = "Supporting Files";
			sourceTree = "<group>";
		};
		2A55770D19B023DC00DA770D /* ExpansionTableViewTests */ = {
			isa = PBXGroup;
			children = (
				2A55771319B023DC00DA770D /* ExpansionTableViewTests.m */,
				2A55770E19B023DC00DA770D /* Supporting Files */,
			);
			path = ExpansionTableViewTests;
			sourceTree = "<group>";
		};
		2A55770E19B023DC00DA770D /* Supporting Files */ = {
			isa = PBXGroup;
			children = (
				2A55770F19B023DC00DA770D /* ExpansionTableViewTests-Info.plist */,
				2A55771019B023DC00DA770D /* InfoPlist.strings */,
			);
			name = "Supporting Files";
			sourceTree = "<group>";
		};
/* End PBXGroup section */

/* Begin PBXNativeTarget section */
		2A5576E419B023DB00DA770D /* ExpansionTableView */ = {
			isa = PBXNativeTarget;
			buildConfigurationList = 2A55771719B023DC00DA770D /* Build configuration list for PBXNativeTarget "ExpansionTableView" */;
			buildPhases = (
				2A5576E119B023DB00DA770D /* Sources */,
				2A5576E219B023DB00DA770D /* Frameworks */,
				2A5576E319B023DB00DA770D /* Resources */,
			);
			buildRules = (
			);
			dependencies = (
			);
			name = ExpansionTableView;
			productName = ExpansionTableView;
			productReference = 2A5576E519B023DB00DA770D /* ExpansionTableView.app */;
			productType = "com.apple.product-type.application";
		};
		2A55770519B023DC00DA770D /* ExpansionTableViewTests */ = {
			isa = PBXNativeTarget;
			buildConfigurationList = 2A55771A19B023DC00DA770D /* Build configuration list for PBXNativeTarget "ExpansionTableViewTests" */;
			buildPhases = (
				2A55770219B023DC00DA770D /* Sources */,
				2A55770319B023DC00DA770D /* Frameworks */,
				2A55770419B023DC00DA770D /* Resources */,
			);
			buildRules = (
			);
			dependencies = (
				2A55770C19B023DC00DA770D /* PBXTargetDependency */,
			);
			name = ExpansionTableViewTests;
			productName = ExpansionTableViewTests;
			productReference = 2A55770619B023DC00DA770D /* ExpansionTableViewTests.xctest */;
			productType = "com.apple.product-type.bundle.unit-test";
		};
/* End PBXNativeTarget section */

/* Begin PBXProject section */
		2A5576DD19B023DB00DA770D /* Project object */ = {
			isa = PBXProject;
			attributes = {
				LastUpgradeCheck = 0510;
				ORGANIZATIONNAME = "___FULLUSERNAME___";
				TargetAttributes = {
					2A55770519B023DC00DA770D = {
						TestTargetID = 2A5576E419B023DB00DA770D;
					};
				};
			};
			buildConfigurationList = 2A5576E019B023DB00DA770D /* Build configuration list for PBXProject "ExpansionTableView" */;
			compatibilityVersion = "Xcode 3.2";
			developmentRegion = English;
			hasScannedForEncodings = 0;
			knownRegions = (
				en,
				Base,
			);
			mainGroup = 2A5576DC19B023DB00DA770D;
			productRefGroup = 2A5576E619B023DB00DA770D /* Products */;
			projectDirPath = "";
			projectRoot = "";
			targets = (
				2A5576E419B023DB00DA770D /* ExpansionTableView */,
				2A55770519B023DC00DA770D /* ExpansionTableViewTests */,
			);
		};
/* End PBXProject section */

/* Begin PBXResourcesBuildPhase section */
		2A5576E319B023DB00DA770D /* Resources */ = {
			isa = PBXResourcesBuildPhase;
			buildActionMask = 2147483647;
			files = (
				2A55770119B023DC00DA770D /* Images.xcassets in Resources */,
				2A5576F319B023DB00DA770D /* InfoPlist.strings in Resources */,
				2A5576FC19B023DC00DA770D /* Main.storyboard in Resources */,
			);
			runOnlyForDeploymentPostprocessing = 0;
		};
		2A55770419B023DC00DA770D /* Resources */ = {
			isa = PBXResourcesBuildPhase;
			buildActionMask = 2147483647;
			files = (
				2A55771219B023DC00DA770D /* InfoPlist.strings in Resources */,
			);
			runOnlyForDeploymentPostprocessing = 0;
		};
/* End PBXResourcesBuildPhase section */

/* Begin PBXSourcesBuildPhase section */
		2A5576E119B023DB00DA770D /* Sources */ = {
			isa = PBXSourcesBuildPhase;
			buildActionMask = 2147483647;
			files = (
				2A86EB4E19B36BB700223EDA /* TitleTableViewCell.m in Sources */,
				2A86EB5419B36C5100223EDA /* ExpensionCellModel.m in Sources */,
				2A55772519B053AB00DA770D /* ExpansionTableView.m in Sources */,
				2A5576FF19B023DC00DA770D /* ViewController.m in Sources */,
				2A5576F919B023DC00DA770D /* AppDelegate.m in Sources */,
				2A5576F519B023DB00DA770D /* main.m in Sources */,
				2A55771F19B0244000DA770D /* ExpansionTableViewController.m in Sources */,
				2A86EB5119B36BC900223EDA /* DetailTableViewCell.m in Sources */,
			);
			runOnlyForDeploymentPostprocessing = 0;
		};
		2A55770219B023DC00DA770D /* Sources */ = {
			isa = PBXSourcesBuildPhase;
			buildActionMask = 2147483647;
			files = (
				2A55771419B023DC00DA770D /* ExpansionTableViewTests.m in Sources */,
			);
			runOnlyForDeploymentPostprocessing = 0;
		};
/* End PBXSourcesBuildPhase section */

/* Begin PBXTargetDependency section */
		2A55770C19B023DC00DA770D /* PBXTargetDependency */ = {
			isa = PBXTargetDependency;
			target = 2A5576E419B023DB00DA770D /* ExpansionTableView */;
			targetProxy = 2A55770B19B023DC00DA770D /* PBXContainerItemProxy */;
		};
/* End PBXTargetDependency section */

/* Begin PBXVariantGroup section */
		2A5576F119B023DB00DA770D /* InfoPlist.strings */ = {
			isa = PBXVariantGroup;
			children = (
				2A5576F219B023DB00DA770D /* en */,
			);
			name = InfoPlist.strings;
			sourceTree = "<group>";
		};
		2A5576FA19B023DC00DA770D /* Main.storyboard */ = {
			isa = PBXVariantGroup;
			children = (
				2A5576FB19B023DC00DA770D /* Base */,
			);
			name = Main.storyboard;
			sourceTree = "<group>";
		};
		2A55771019B023DC00DA770D /* InfoPlist.strings */ = {
			isa = PBXVariantGroup;
			children = (
				2A55771119B023DC00DA770D /* en */,
			);
			name = InfoPlist.strings;
			sourceTree = "<group>";
		};
/* End PBXVariantGroup section */

/* Begin XCBuildConfiguration section */
		2A55771519B023DC00DA770D /* Debug */ = {
			isa = XCBuildConfiguration;
			buildSettings = {
				ALWAYS_SEARCH_USER_PATHS = NO;
				CLANG_CXX_LANGUAGE_STANDARD = "gnu++0x";
				CLANG_CXX_LIBRARY = "libc++";
				CLANG_ENABLE_MODULES = YES;
				CLANG_ENABLE_OBJC_ARC = YES;
				CLANG_WARN_BOOL_CONVERSION = YES;
				CLANG_WARN_CONSTANT_CONVERSION = YES;
				CLANG_WARN_DIRECT_OBJC_ISA_USAGE = YES_ERROR;
				CLANG_WARN_EMPTY_BODY = YES;
				CLANG_WARN_ENUM_CONVERSION = YES;
				CLANG_WARN_INT_CONVERSION = YES;
				CLANG_WARN_OBJC_ROOT_CLASS = YES_ERROR;
				CLANG_WARN__DUPLICATE_METHOD_MATCH = YES;
				"CODE_SIGN_IDENTITY[sdk=iphoneos*]" = "iPhone Developer";
				COPY_PHASE_STRIP = NO;
				GCC_C_LANGUAGE_STANDARD = gnu99;
				GCC_DYNAMIC_NO_PIC = NO;
				GCC_OPTIMIZATION_LEVEL = 0;
				GCC_PREPROCESSOR_DEFINITIONS = (
					"DEBUG=1",
					"$(inherited)",
				);
				GCC_SYMBOLS_PRIVATE_EXTERN = NO;
				GCC_WARN_64_TO_32_BIT_CONVERSION = YES;
				GCC_WARN_ABOUT_RETURN_TYPE = YES_ERROR;
				GCC_WARN_UNDECLARED_SELECTOR = YES;
				GCC_WARN_UNINITIALIZED_AUTOS = YES_AGGRESSIVE;
				GCC_WARN_UNUSED_FUNCTION = YES;
				GCC_WARN_UNUSED_VARIABLE = YES;
				IPHONEOS_DEPLOYMENT_TARGET = 7.1;
				ONLY_ACTIVE_ARCH = YES;
				SDKROOT = iphoneos;
			};
			name = Debug;
		};
		2A55771619B023DC00DA770D /* Release */ = {
			isa = XCBuildConfiguration;
			buildSettings = {
				ALWAYS_SEARCH_USER_PATHS = NO;
				CLANG_CXX_LANGUAGE_STANDARD = "gnu++0x";
				CLANG_CXX_LIBRARY = "libc++";
				CLANG_ENABLE_MODULES = YES;
				CLANG_ENABLE_OBJC_ARC = YES;
				CLANG_WARN_BOOL_CONVERSION = YES;
				CLANG_WARN_CONSTANT_CONVERSION = YES;
				CLANG_WARN_DIRECT_OBJC_ISA_USAGE = YES_ERROR;
				CLANG_WARN_EMPTY_BODY = YES;
				CLANG_WARN_ENUM_CONVERSION = YES;
				CLANG_WARN_INT_CONVERSION = YES;
				CLANG_WARN_OBJC_ROOT_CLASS = YES_ERROR;
				CLANG_WARN__DUPLICATE_METHOD_MATCH = YES;
				"CODE_SIGN_IDENTITY[sdk=iphoneos*]" = "iPhone Developer";
				COPY_PHASE_STRIP = YES;
				ENABLE_NS_ASSERTIONS = NO;
				GCC_C_LANGUAGE_STANDARD = gnu99;
				GCC_WARN_64_TO_32_BIT_CONVERSION = YES;
				GCC_WARN_ABOUT_RETURN_TYPE = YES_ERROR;
				GCC_WARN_UNDECLARED_SELECTOR = YES;
				GCC_WARN_UNINITIALIZED_AUTOS = YES_AGGRESSIVE;
				GCC_WARN_UNUSED_FUNCTION = YES;
				GCC_WARN_UNUSED_VARIABLE = YES;
				IPHONEOS_DEPLOYMENT_TARGET = 7.1;
				SDKROOT = iphoneos;
				VALIDATE_PRODUCT = YES;
			};
			name = Release;
		};
		2A55771819B023DC00DA770D /* Debug */ = {
			isa = XCBuildConfiguration;
			buildSettings = {
				ASSETCATALOG_COMPILER_APPICON_NAME = AppIcon;
				ASSETCATALOG_COMPILER_LAUNCHIMAGE_NAME = LaunchImage;
				GCC_PRECOMPILE_PREFIX_HEADER = YES;
				GCC_PREFIX_HEADER = "ExpansionTableView/ExpansionTableView-Prefix.pch";
				INFOPLIST_FILE = "ExpansionTableView/ExpansionTableView-Info.plist";
				PRODUCT_NAME = "$(TARGET_NAME)";
				WRAPPER_EXTENSION = app;
			};
			name = Debug;
		};
		2A55771919B023DC00DA770D /* Release */ = {
			isa = XCBuildConfiguration;
			buildSettings = {
				ASSETCATALOG_COMPILER_APPICON_NAME = AppIcon;
				ASSETCATALOG_COMPILER_LAUNCHIMAGE_NAME = LaunchImage;
				GCC_PRECOMPILE_PREFIX_HEADER = YES;
				GCC_PREFIX_HEADER = "ExpansionTableView/ExpansionTableView-Prefix.pch";
				INFOPLIST_FILE = "ExpansionTableView/ExpansionTableView-Info.plist";
				PRODUCT_NAME = "$(TARGET_NAME)";
				WRAPPER_EXTENSION = app;
			};
			name = Release;
		};
		2A55771B19B023DC00DA770D /* Debug */ = {
			isa = XCBuildConfiguration;
			buildSettings = {
				BUNDLE_LOADER = "$(BUILT_PRODUCTS_DIR)/ExpansionTableView.app/ExpansionTableView";
				FRAMEWORK_SEARCH_PATHS = (
					"$(SDKROOT)/Developer/Library/Frameworks",
					"$(inherited)",
					"$(DEVELOPER_FRAMEWORKS_DIR)",
				);
				GCC_PRECOMPILE_PREFIX_HEADER = YES;
				GCC_PREFIX_HEADER = "ExpansionTableView/ExpansionTableView-Prefix.pch";
				GCC_PREPROCESSOR_DEFINITIONS = (
					"DEBUG=1",
					"$(inherited)",
				);
				INFOPLIST_FILE = "ExpansionTableViewTests/ExpansionTableViewTests-Info.plist";
				PRODUCT_NAME = "$(TARGET_NAME)";
				TEST_HOST = "$(BUNDLE_LOADER)";
				WRAPPER_EXTENSION = xctest;
			};
			name = Debug;
		};
		2A55771C19B023DC00DA770D /* Release */ = {
			isa = XCBuildConfiguration;
			buildSettings = {
				BUNDLE_LOADER = "$(BUILT_PRODUCTS_DIR)/ExpansionTableView.app/ExpansionTableView";
				FRAMEWORK_SEARCH_PATHS = (
					"$(SDKROOT)/Developer/Library/Frameworks",
					"$(inherited)",
					"$(DEVELOPER_FRAMEWORKS_DIR)",
				);
				GCC_PRECOMPILE_PREFIX_HEADER = YES;
				GCC_PREFIX_HEADER = "ExpansionTableView/ExpansionTableView-Prefix.pch";
				INFOPLIST_FILE = "ExpansionTableViewTests/ExpansionTableViewTests-Info.plist";
				PRODUCT_NAME = "$(TARGET_NAME)";
				TEST_HOST = "$(BUNDLE_LOADER)";
				WRAPPER_EXTENSION = xctest;
			};
			name = Release;
		};
/* End XCBuildConfiguration section */

/* Begin XCConfigurationList section */
		2A5576E019B023DB00DA770D /* Build configuration list for PBXProject "ExpansionTableView" */ = {
			isa = XCConfigurationList;
			buildConfigurations = (
				2A55771519B023DC00DA770D /* Debug */,
				2A55771619B023DC00DA770D /* Release */,
			);
			defaultConfigurationIsVisible = 0;
			defaultConfigurationName = Release;
		};
		2A55771719B023DC00DA770D /* Build configuration list for PBXNativeTarget "ExpansionTableView" */ = {
			isa = XCConfigurationList;
			buildConfigurations = (
				2A55771819B023DC00DA770D /* Debug */,
				2A55771919B023DC00DA770D /* Release */,
			);
			defaultConfigurationIsVisible = 0;
			defaultConfigurationName = Release;
		};
		2A55771A19B023DC00DA770D /* Build configuration list for PBXNativeTarget "ExpansionTableViewTests" */ = {
			isa = XCConfigurationList;
			buildConfigurations = (
				2A55771B19B023DC00DA770D /* Debug */,
				2A55771C19B023DC00DA770D /* Release */,
			);
			defaultConfigurationIsVisible = 0;
			defaultConfigurationName = Release;
		};
/* End XCConfigurationList section */
	};
	rootObject = 2A5576DD19B023DB00DA770D /* Project object */;
}
